<?xml version="1.0" encoding="utf-8"?>
<Project ToolsVersion="4.0" xmlns="http://schemas.microsoft.com/developer/msbuild/2003">
  <ItemGroup>
    <Filter Include="Source Files">
      <UniqueIdentifier>{4FC737F1-C7A5-4376-A066-2A32D752A2FF}</UniqueIdentifier>
      <Extensions>cpp;c;cc;cxx;c++;cppm;ixx;def;odl;idl;hpj;bat;asm;asmx</Extensions>
    </Filter>
    <Filter Include="Header Files">
      <UniqueIdentifier>{93995380-89BD-4b04-88EB-625FBE52EBFB}</UniqueIdentifier>
      <Extensions>h;hh;hpp;hxx;h++;hm;inl;inc;ipp;xsd</Extensions>
    </Filter>
    <Filter Include="Resource Files">
      <UniqueIdentifier>{67DA6AB6-F800-4c08-8B7A-83BB121AAD01}</UniqueIdentifier>
      <Extensions>rc;ico;cur;bmp;dlg;rc2;rct;bin;rgs;gif;jpg;jpeg;jpe;resx;tiff;tif;png;wav;mfcribbon-ms</Extensions>
    </Filter>
    <Filter Include="SceneLoader">
      <UniqueIdentifier>{fedd6553-1097-4869-a176-e04dc206f482}</UniqueIdentifier>
    </Filter>
    <Filter Include="Components">
      <UniqueIdentifier>{b16b0de4-32c3-450c-96f7-c2805d1970fa}</UniqueIdentifier>
    </Filter>
    <Filter Include="FBO">
      <UniqueIdentifier>{fa34a9bd-5ca8-45b2-9279-3fbe92b84344}</UniqueIdentifier>
    </Filter>
    <Filter Include="imgui">
      <UniqueIdentifier>{4e14f667-53e2-4cb5-a6b4-becfe81c25b8}</UniqueIdentifier>
    </Filter>
    <Filter Include="Components\Brush">
      <UniqueIdentifier>{cbb4450f-5ebf-4270-88ec-23d0b62dc9a9}</UniqueIdentifier>
    </Filter>
    <Filter Include="FMOD">
      <UniqueIdentifier>{d28fec6a-f0e6-4d9d-a973-1e4e0f83585d}</UniqueIdentifier>
    </Filter>
    <Filter Include="Systems">
      <UniqueIdentifier>{1a74e764-38cb-4f9f-a993-bf0b8bb82880}</UniqueIdentifier>
    </Filter>
    <Filter Include="Managers">
      <UniqueIdentifier>{1d10e3e8-04f4-40d8-a4d0-853c9a8b83c6}</UniqueIdentifier>
    </Filter>
    <Filter Include="Managers\VAOManager">
      <UniqueIdentifier>{1ec42f94-d5b2-4551-b7d7-4819e0f63e76}</UniqueIdentifier>
    </Filter>
    <Filter Include="Managers\ShaderManager">
      <UniqueIdentifier>{df1bac7f-a7c2-40db-a31b-19141363b6e2}</UniqueIdentifier>
    </Filter>
    <Filter Include="Managers\ShaderManager\Shaders">
      <UniqueIdentifier>{c95199ec-e234-4186-9de7-d8481abf3a6f}</UniqueIdentifier>
    </Filter>
    <Filter Include="Managers\ShaderManager\Shaders\Shadow">
      <UniqueIdentifier>{5bc99248-c220-4148-91e6-dec90a848b2e}</UniqueIdentifier>
    </Filter>
    <Filter Include="Managers\TextureManager">
      <UniqueIdentifier>{693849a0-f456-4547-bb6f-309ad33ab2cf}</UniqueIdentifier>
    </Filter>
    <Filter Include="Managers\Light Manager">
      <UniqueIdentifier>{a9405f2c-fa1e-4829-8652-592c008be91e}</UniqueIdentifier>
    </Filter>
    <Filter Include="Managers\Light Manager\Light Helper">
      <UniqueIdentifier>{e83892ad-eecf-47b5-b100-ae385bcad161}</UniqueIdentifier>
    </Filter>
    <Filter Include="Managers\EntityManager">
      <UniqueIdentifier>{6ab8a480-2093-4171-a680-2638be3a2cf7}</UniqueIdentifier>
    </Filter>
    <Filter Include="Systems\Animation">
      <UniqueIdentifier>{632289ac-3db1-46b3-8453-3f01754da8ea}</UniqueIdentifier>
    </Filter>
    <Filter Include="Systems\Particles">
      <UniqueIdentifier>{589300f5-4c09-4414-8592-359bf515e4ac}</UniqueIdentifier>
    </Filter>
    <Filter Include="SceneLoader\Scenes">
      <UniqueIdentifier>{a14a828c-aab5-4685-9430-14cc342fb7ea}</UniqueIdentifier>
    </Filter>
  </ItemGroup>
  <ItemGroup>
    <ClCompile Include="theMain.cpp">
      <Filter>Source Files</Filter>
    </ClCompile>
    <ClCompile Include="glad.c">
      <Filter>Source Files</Filter>
    </ClCompile>
    <ClCompile Include="SceneLoader\cSceneLoader.cpp">
      <Filter>SceneLoader</Filter>
    </ClCompile>
    <ClCompile Include="SceneLoader\cSceneSaver.cpp">
      <Filter>SceneLoader</Filter>
    </ClCompile>
    <ClCompile Include="DrawObjectFunction.cpp">
      <Filter>Source Files</Filter>
    </ClCompile>
    <ClCompile Include="cEntity.cpp">
      <Filter>Managers\EntityManager</Filter>
    </ClCompile>
    <ClCompile Include="include\imgui\imgui.cpp">
      <Filter>imgui</Filter>
    </ClCompile>
    <ClCompile Include="include\imgui\imgui_demo.cpp">
      <Filter>imgui</Filter>
    </ClCompile>
    <ClCompile Include="include\imgui\imgui_draw.cpp">
      <Filter>imgui</Filter>
    </ClCompile>
    <ClCompile Include="include\imgui\imgui_impl_glfw.cpp">
      <Filter>imgui</Filter>
    </ClCompile>
    <ClCompile Include="include\imgui\imgui_impl_opengl3.cpp">
      <Filter>imgui</Filter>
    </ClCompile>
    <ClCompile Include="include\imgui\imgui_tables.cpp">
      <Filter>imgui</Filter>
    </ClCompile>
    <ClCompile Include="include\imgui\imgui_widgets.cpp">
      <Filter>imgui</Filter>
    </ClCompile>
    <ClCompile Include="cInstancedBrush.cpp">
      <Filter>Components\Brush</Filter>
    </ClCompile>
    <ClCompile Include="FMODSoundpanel\cSoundPanel.cpp">
      <Filter>FMOD</Filter>
    </ClCompile>
    <ClCompile Include="Components\cBowComponent.cpp">
      <Filter>Components</Filter>
    </ClCompile>
    <ClCompile Include="Components\cInstancedRenderer.cpp">
      <Filter>Components</Filter>
    </ClCompile>
    <ClCompile Include="Components\cMeshRenderer.cpp">
      <Filter>Components</Filter>
    </ClCompile>
    <ClCompile Include="Components\cParticle.cpp">
      <Filter>Components</Filter>
    </ClCompile>
    <ClCompile Include="Components\cProjectile.cpp">
      <Filter>Components</Filter>
    </ClCompile>
    <ClCompile Include="Components\cTarget.cpp">
      <Filter>Components</Filter>
    </ClCompile>
    <ClCompile Include="Components\cTextureViewer.cpp">
      <Filter>Components</Filter>
    </ClCompile>
    <ClCompile Include="Components\cTransform.cpp">
      <Filter>Components</Filter>
    </ClCompile>
    <ClCompile Include="Systems\AnimationSystem.cpp">
      <Filter>Systems\Animation</Filter>
    </ClCompile>
    <ClCompile Include="Managers\cEntityManager.cpp">
      <Filter>Managers\EntityManager</Filter>
    </ClCompile>
    <ClCompile Include="FBOs\cPingPongFBOs.cpp">
      <Filter>FBO</Filter>
    </ClCompile>
    <ClCompile Include="FBOs\cShadowDepthFBO.cpp">
      <Filter>FBO</Filter>
    </ClCompile>
    <ClCompile Include="FBOs\cFBO\cFBO.cpp">
      <Filter>FBO</Filter>
    </ClCompile>
    <ClCompile Include="Managers\cLightManager.cpp">
      <Filter>Managers\Light Manager</Filter>
    </ClCompile>
    <ClCompile Include="Managers\cLightHelper.cpp">
      <Filter>Managers\Light Manager\Light Helper</Filter>
    </ClCompile>
    <ClCompile Include="Managers\cVAOManager.cpp">
      <Filter>Managers\VAOManager</Filter>
    </ClCompile>
    <ClCompile Include="Systems\cParticleSystem.cpp">
      <Filter>Systems\Particles</Filter>
    </ClCompile>
    <ClCompile Include="Managers\cShader.cpp">
      <Filter>Managers\ShaderManager</Filter>
    </ClCompile>
    <ClCompile Include="Managers\cShaderManager.cpp">
      <Filter>Managers\ShaderManager</Filter>
    </ClCompile>
    <ClCompile Include="Systems\cGameplaySystem.cpp">
      <Filter>Systems</Filter>
    </ClCompile>
    <ClCompile Include="Managers\cBasicTextureManager\C24BitBMPpixel.cpp">
      <Filter>Managers\TextureManager</Filter>
    </ClCompile>
    <ClCompile Include="Managers\cBasicTextureManager\cBasicTextureManager.cpp">
      <Filter>Managers\TextureManager</Filter>
    </ClCompile>
    <ClCompile Include="Managers\cBasicTextureManager\CTextureFromBMP.cpp">
      <Filter>Managers\TextureManager</Filter>
    </ClCompile>
    <ClCompile Include="cCamera.cpp">
      <Filter>Source Files</Filter>
    </ClCompile>
  </ItemGroup>
  <ItemGroup>
    <ClInclude Include="GLCommon.h">
      <Filter>Header Files</Filter>
    </ClInclude>
    <ClInclude Include="sVertex_types.h">
      <Filter>Source Files</Filter>
    </ClInclude>
    <ClInclude Include="SceneLoader\cSceneLoader.h">
      <Filter>SceneLoader</Filter>
    </ClInclude>
    <ClInclude Include="SceneLoader\sModel.h">
      <Filter>SceneLoader</Filter>
    </ClInclude>
    <ClInclude Include="cEntity.h">
      <Filter>Managers\EntityManager</Filter>
    </ClInclude>
    <ClInclude Include="RenderType.h">
      <Filter>Source Files</Filter>
    </ClInclude>
    <ClInclude Include="cInstancedBrush.h">
      <Filter>Components\Brush</Filter>
    </ClInclude>
    <ClInclude Include="FMODSoundpanel\cSoundPanel.h">
      <Filter>FMOD</Filter>
    </ClInclude>
    <ClInclude Include="Components\cAnimation.h">
      <Filter>Components</Filter>
    </ClInclude>
    <ClInclude Include="Components\cBowComponent.h">
      <Filter>Components</Filter>
    </ClInclude>
    <ClInclude Include="Components\cComponent.h">
      <Filter>Components</Filter>
    </ClInclude>
    <ClInclude Include="Components\cInstancedRenderer.h">
      <Filter>Components</Filter>
    </ClInclude>
    <ClInclude Include="Components\cKeyframe.h">
      <Filter>Components</Filter>
    </ClInclude>
    <ClInclude Include="Components\cMeshRenderer.h">
      <Filter>Components</Filter>
    </ClInclude>
    <ClInclude Include="Components\cParticle.h">
      <Filter>Components</Filter>
    </ClInclude>
    <ClInclude Include="Components\cProjectile.h">
      <Filter>Components</Filter>
    </ClInclude>
    <ClInclude Include="Components\cTarget.h">
      <Filter>Components</Filter>
    </ClInclude>
    <ClInclude Include="Components\cTextureViewer.h">
      <Filter>Components</Filter>
    </ClInclude>
    <ClInclude Include="Components\cTransform.h">
      <Filter>Components</Filter>
    </ClInclude>
    <ClInclude Include="Systems\AnimationSystem.h">
      <Filter>Systems\Animation</Filter>
    </ClInclude>
    <ClInclude Include="Managers\cEntityManager.h">
      <Filter>Managers\EntityManager</Filter>
    </ClInclude>
    <ClInclude Include="FBOs\cPingPongFBOs.h">
      <Filter>FBO</Filter>
    </ClInclude>
    <ClInclude Include="FBOs\cShadowDepthFBO.h">
      <Filter>FBO</Filter>
    </ClInclude>
    <ClInclude Include="FBOs\cFBO\cFBO.h">
      <Filter>FBO</Filter>
    </ClInclude>
    <ClInclude Include="Managers\cLightManager.h">
      <Filter>Managers\Light Manager</Filter>
    </ClInclude>
    <ClInclude Include="Managers\cLightHelper.h">
      <Filter>Managers\Light Manager\Light Helper</Filter>
    </ClInclude>
    <ClInclude Include="Managers\cVAOManager.h">
      <Filter>Managers\VAOManager</Filter>
    </ClInclude>
    <ClInclude Include="Systems\cParticleSystem.h">
      <Filter>Systems\Particles</Filter>
    </ClInclude>
    <ClInclude Include="Managers\cShaderManager.h">
      <Filter>Managers\ShaderManager</Filter>
    </ClInclude>
    <ClInclude Include="Systems\cGameplaySystem.h">
      <Filter>Systems</Filter>
    </ClInclude>
    <ClInclude Include="Managers\cBasicTextureManager\C24BitBMPpixel.h">
      <Filter>Managers\TextureManager</Filter>
    </ClInclude>
    <ClInclude Include="Managers\cBasicTextureManager\cBasicTextureManager.h">
      <Filter>Managers\TextureManager</Filter>
    </ClInclude>
    <ClInclude Include="Managers\cBasicTextureManager\CTextureFromBMP.h">
      <Filter>Managers\TextureManager</Filter>
    </ClInclude>
    <ClInclude Include="cCamera.h">
      <Filter>Source Files</Filter>
    </ClInclude>
  </ItemGroup>
  <ItemGroup>
    <None Include="assets\shaders\fragShader_01.glsl">
      <Filter>Managers\ShaderManager\Shaders</Filter>
    </None>
    <None Include="assets\shaders\vertShader_01.glsl">
      <Filter>Managers\ShaderManager\Shaders</Filter>
    </None>
    <None Include="assets\shaders\pingpongShader.glsl">
      <Filter>Managers\ShaderManager\Shaders</Filter>
    </None>
    <None Include="assets\shaders\shadowFrag.glsl">
      <Filter>Managers\ShaderManager\Shaders\Shadow</Filter>
    </None>
    <None Include="assets\shaders\shadowVert.glsl">
      <Filter>Managers\ShaderManager\Shaders\Shadow</Filter>
    </None>
  </ItemGroup>
  <ItemGroup>
    <Xml Include="assets\scenes\project2.xml">
      <Filter>SceneLoader\Scenes</Filter>
    </Xml>
  </ItemGroup>
</Project>